PODS:
  - better_player_plus (1.1.2):
    - Cache (~> 6.0.0)
    - Flutter
    - GCDWebServer
    - HLSCachingReverseProxyServer
    - PINCache
  - Cache (6.0.0)
  - connectivity_plus (0.0.1):
    - Flutter
  - device_info_plus (0.0.1):
    - Flutter
  - fastpix_video_player (1.0.2):
    - Flutter
  - Flutter (1.0.0)
  - flutter_chrome_cast (1.4.1):
    - Flutter
    - google-cast-sdk (~> 4.8)
    - Protobuf
  - GCDWebServer (3.5.4):
    - GCDWebServer/Core (= 3.5.4)
  - GCDWebServer/Core (3.5.4)
  - google-cast-sdk (4.8.4)
  - HLSCachingReverseProxyServer (0.1.0):
    - GCDWebServer (~> 3.5)
    - PINCache (>= 3.0.1-beta.3)
  - integration_test (0.0.1):
    - Flutter
  - package_info_plus (0.4.5):
    - Flutter
  - permission_handler_apple (9.4.8):
    - Flutter
  - PINCache (3.0.4):
    - PINCache/Arc-exception-safe (= 3.0.4)
    - PINCache/Core (= 3.0.4)
  - PINCache/Arc-exception-safe (3.0.4):
    - PINCache/Core
  - PINCache/Core (3.0.4):
    - PINOperation (~> 1.2.3)
  - PINOperation (1.2.3)
  - Protobuf (5.35.1)
  - wakelock_plus (0.0.1):
    - Flutter

DEPENDENCIES:
  - better_player_plus (from `.symlinks/plugins/better_player_plus/ios`)
  - connectivity_plus (from `.symlinks/plugins/connectivity_plus/ios`)
  - device_info_plus (from `.symlinks/plugins/device_info_plus/ios`)
  - fastpix_video_player (from `.symlinks/plugins/fastpix_video_player/ios`)
  - Flutter (from `Flutter`)
  - flutter_chrome_cast (from `.symlinks/plugins/flutter_chrome_cast/ios`)
  - integration_test (from `.symlinks/plugins/integration_test/ios`)
  - package_info_plus (from `.symlinks/plugins/package_info_plus/ios`)
  - permission_handler_apple (from `.symlinks/plugins/permission_handler_apple/ios`)
  - wakelock_plus (from `.symlinks/plugins/wakelock_plus/ios`)

SPEC REPOS:
  trunk:
    - Cache
    - GCDWebServer
    - google-cast-sdk
    - HLSCachingReverseProxyServer
    - PINCache
    - PINOperation
    - Protobuf

EXTERNAL SOURCES:
  better_player_plus:
    :path: ".symlinks/plugins/better_player_plus/ios"
  connectivity_plus:
    :path: ".symlinks/plugins/connectivity_plus/ios"
  device_info_plus:
    :path: ".symlinks/plugins/device_info_plus/ios"
  fastpix_video_player:
    :path: ".symlinks/plugins/fastpix_video_player/ios"
  Flutter:
    :path: Flutter
  flutter_chrome_cast:
    :path: ".symlinks/plugins/flutter_chrome_cast/ios"
  integration_test:
    :path: ".symlinks/plugins/integration_test/ios"
  package_info_plus:
    :path: ".symlinks/plugins/package_info_plus/ios"
  permission_handler_apple:
    :path: ".symlinks/plugins/permission_handler_apple/ios"
  wakelock_plus:
    :path: ".symlinks/plugins/wakelock_plus/ios"

SPEC CHECKSUMS:
  better_player_plus: 3d40145c650bb83dde08f0d593b21a144196769f
  Cache: 4ca7e00363fca5455f26534e5607634c820ffc2d
  connectivity_plus: cb623214f4e1f6ef8fe7403d580fdad517d2f7dd
  device_info_plus: 21fcca2080fbcd348be798aa36c3e5ed849eefbe
  fastpix_video_player: 5e9b64d18fc7a3dd55a13231571250bef4453d8b
  Flutter: cabc95a1d2626b1b06e7179b784ebcf0c0cde467
  flutter_chrome_cast: db3f7ddddedfb14be1836d979a2e87deeda80cf8
  GCDWebServer: 2c156a56c8226e2d5c0c3f208a3621ccffbe3ce4
  google-cast-sdk: 32f65af50d164e3c475e79ad123db3cc26fbcd37
  HLSCachingReverseProxyServer: 59935e1e0244ad7f3375d75b5ef46e8eb26ab181
  integration_test: 4a889634ef21a45d28d50d622cf412dc6d9f586e
  package_info_plus: af8e2ca6888548050f16fa2f1938db7b5a5df499
  permission_handler_apple: 92d754bbaa7361d436db2d6c3c1c2a0fdcec462e
  PINCache: d9a87a0ff397acffe9e2f0db972ac14680441158
  PINOperation: fb563bcc9c32c26d6c78aaff967d405aa2ee74a7
  Protobuf: aa5f936835ca2a6186fad0a2d3986a60722c83ab
  wakelock_plus: e29112ab3ef0b318e58cfa5c32326458be66b556

PODFILE CHECKSUM: 3c63482e143d1b91d2d2560aee9fb04ecc74ac7e

COCOAPODS: 1.16.2
